
Microsoft Visual Studio Solution File, Format Version 12.00
# Visual Studio Version 17
VisualStudioVersion = 17.11.35312.102
MinimumVisualStudioVersion = 10.0.40219.1
Project("{9A19103F-16F7-4668-BE54-9A1E7A4F7556}") = "Vocabulary", "Vocabulary\Vocabulary.csproj", "{1FBF29F8-6833-4C99-BE2F-C294F4D6A251}"
EndProject
Project("{FAE04EC0-301F-11D3-BF4B-00C04F79EFBC}") = "AsyncConsole", "AsyncConsole\AsyncConsole.csproj", "{204797B0-CE6F-41BD-AF35-F368849DE767}"
EndProject
Global
	GlobalSection(SolutionConfigurationPlatforms) = preSolution
		Debug|Any CPU = Debug|Any CPU
		Release|Any CPU = Release|Any CPU
	EndGlobalSection
	GlobalSection(ProjectConfigurationPlatforms) = postSolution
		{1FBF29F8-6833-4C99-BE2F-C294F4D6A251}.Debug|Any CPU.ActiveCfg = Debug|Any CPU
		{1FBF29F8-6833-4C99-BE2F-C294F4D6A251}.Debug|Any CPU.Build.0 = Debug|Any CPU
		{1FBF29F8-6833-4C99-BE2F-C294F4D6A251}.Release|Any CPU.ActiveCfg = Release|Any CPU
		{1FBF29F8-6833-4C99-BE2F-C294F4D6A251}.Release|Any CPU.Build.0 = Release|Any CPU
		{204797B0-CE6F-41BD-AF35-F368849DE767}.Debug|Any CPU.ActiveCfg = Debug|Any CPU
		{204797B0-CE6F-41BD-AF35-F368849DE767}.Debug|Any CPU.Build.0 = Debug|Any CPU
		{204797B0-CE6F-41BD-AF35-F368849DE767}.Release|Any CPU.ActiveCfg = Release|Any CPU
		{204797B0-CE6F-41BD-AF35-F368849DE767}.Release|Any CPU.Build.0 = Release|Any CPU
	EndGlobalSection
	GlobalSection(SolutionProperties) = preSolution
		HideSolutionNode = FALSE
	EndGlobalSection
	GlobalSection(ExtensibilityGlobals) = postSolution
		SolutionGuid = {E0A410F3-98B1-4907-B809-233E2A9BBCB0}
	EndGlobalSection
EndGlobal
