
Microsoft Visual Studio Solution File, Format Version 12.00
# Visual Studio Version 17
VisualStudioVersion = 17.11.35312.102
MinimumVisualStudioVersion = 10.0.40219.1
Project("{FAE04EC0-301F-11D3-BF4B-00C04F79EFBC}") = "TopLevelFunctions", "TopLevelFunctions\TopLevelFunctions.csproj", "{8515A39C-6972-4971-9809-139D59F55D4C}"
EndProject
Project("{FAE04EC0-301F-11D3-BF4B-00C04F79EFBC}") = "WritingFunctions", "WritingFunctions\WritingFunctions.csproj", "{FEEE39E7-0889-4A1E-90A6-A9F01BDD7077}"
EndProject
Project("{FAE04EC0-301F-11D3-BF4B-00C04F79EFBC}") = "Debugging", "Debugging\Debugging.csproj", "{EC7215DB-4A41-4D5E-93A5-6E623398AF81}"
EndProject
Project("{FAE04EC0-301F-11D3-BF4B-00C04F79EFBC}") = "HotReloading", "HotReloading\HotReloading.csproj", "{E31BCFE8-D11C-497A-8495-A4498D4D1886}"
EndProject
Global
	GlobalSection(SolutionConfigurationPlatforms) = preSolution
		Debug|Any CPU = Debug|Any CPU
		Release|Any CPU = Release|Any CPU
	EndGlobalSection
	GlobalSection(ProjectConfigurationPlatforms) = postSolution
		{8515A39C-6972-4971-9809-139D59F55D4C}.Debug|Any CPU.ActiveCfg = Debug|Any CPU
		{8515A39C-6972-4971-9809-139D59F55D4C}.Debug|Any CPU.Build.0 = Debug|Any CPU
		{8515A39C-6972-4971-9809-139D59F55D4C}.Release|Any CPU.ActiveCfg = Release|Any CPU
		{8515A39C-6972-4971-9809-139D59F55D4C}.Release|Any CPU.Build.0 = Release|Any CPU
		{FEEE39E7-0889-4A1E-90A6-A9F01BDD7077}.Debug|Any CPU.ActiveCfg = Debug|Any CPU
		{FEEE39E7-0889-4A1E-90A6-A9F01BDD7077}.Debug|Any CPU.Build.0 = Debug|Any CPU
		{FEEE39E7-0889-4A1E-90A6-A9F01BDD7077}.Release|Any CPU.ActiveCfg = Release|Any CPU
		{FEEE39E7-0889-4A1E-90A6-A9F01BDD7077}.Release|Any CPU.Build.0 = Release|Any CPU
	EndGlobalSection
	GlobalSection(SolutionProperties) = preSolution
		HideSolutionNode = FALSE
	EndGlobalSection
	GlobalSection(ExtensibilityGlobals) = postSolution
		SolutionGuid = {24131E44-11A5-405D-9273-A8536FB72503}
	EndGlobalSection
EndGlobal
